
Microsoft Visual Studio Solution File, Format Version 12.00
# Visual Studio Version 18
VisualStudioVersion = 18.2.11408.102 d18.0
MinimumVisualStudioVersion = 10.0.40219.1
Project("{FAE04EC0-301F-11D3-BF4B-00C04F79EFBC}") = "DotNet_Console_Hotel", "DotNet_Console_Hotel.csproj", "{F2C93293-DCE2-0D25-E60F-9720750860D5}"
EndProject
Global
	GlobalSection(SolutionConfigurationPlatforms) = preSolution
		Debug|Any CPU = Debug|Any CPU
		Release|Any CPU = Release|Any CPU
	EndGlobalSection
	GlobalSection(ProjectConfigurationPlatforms) = postSolution
		{F2C93293-DCE2-0D25-E60F-9720750860D5}.Debug|Any CPU.ActiveCfg = Debug|Any CPU
		{F2C93293-DCE2-0D25-E60F-9720750860D5}.Debug|Any CPU.Build.0 = Debug|Any CPU
		{F2C93293-DCE2-0D25-E60F-9720750860D5}.Release|Any CPU.ActiveCfg = Release|Any CPU
		{F2C93293-DCE2-0D25-E60F-9720750860D5}.Release|Any CPU.Build.0 = Release|Any CPU
	EndGlobalSection
	GlobalSection(SolutionProperties) = preSolution
		HideSolutionNode = FALSE
	EndGlobalSection
	GlobalSection(ExtensibilityGlobals) = postSolution
		SolutionGuid = {57E59A38-8C48-4C70-8D13-80E6F3AA1C9B}
	EndGlobalSection
EndGlobal
